
Microsoft Visual Studio Solution File, Format Version 12.00
# Visual Studio Version 17
VisualStudioVersion = 17.14.36511.14 d17.14
MinimumVisualStudioVersion = 10.0.40219.1
Project("{FAE04EC0-301F-11D3-BF4B-00C04F79EFBC}") = "MauiApp2", "MauiApp2.csproj", "{3CD09082-1B02-4956-97E3-A42FDA4DFE63}"
EndProject
Global
	GlobalSection(SolutionConfigurationPlatforms) = preSolution
		Debug|Any CPU = Debug|Any CPU
		Release|Any CPU = Release|Any CPU
	EndGlobalSection
	GlobalSection(ProjectConfigurationPlatforms) = postSolution
		{3CD09082-1B02-4956-97E3-A42FDA4DFE63}.Debug|Any CPU.ActiveCfg = Debug|Any CPU
		{3CD09082-1B02-4956-97E3-A42FDA4DFE63}.Debug|Any CPU.Build.0 = Debug|Any CPU
		{3CD09082-1B02-4956-97E3-A42FDA4DFE63}.Release|Any CPU.ActiveCfg = Release|Any CPU
		{3CD09082-1B02-4956-97E3-A42FDA4DFE63}.Release|Any CPU.Build.0 = Release|Any CPU
	EndGlobalSection
	GlobalSection(SolutionProperties) = preSolution
		HideSolutionNode = FALSE
	EndGlobalSection
	GlobalSection(ExtensibilityGlobals) = postSolution
		SolutionGuid = {12E8B491-E02B-467D-9AF2-1224A1632BBA}
	EndGlobalSection
EndGlobal
